
Microsoft Visual Studio Solution File, Format Version 12.00
# Visual Studio 14
VisualStudioVersion = 14.0.23107.0
MinimumVisualStudioVersion = 10.0.40219.1
Project("{FAE04EC0-301F-11D3-BF4B-00C04F79EFBC}") = "Assignment2", "Assignement2\Assignment2.csproj", "{BBBCF354-9D39-4D7B-B873-D1CD51066D7B}"
EndProject
Project("{FAE04EC0-301F-11D3-BF4B-00C04F79EFBC}") = "API.Models", "API.Models\API.Models.csproj", "{5C4518C5-FC22-4B9A-AD73-F2270BEEA643}"
EndProject
Project("{FAE04EC0-301F-11D3-BF4B-00C04F79EFBC}") = "API.Services", "API.Services\API.Services.csproj", "{8EDB332D-8FA8-44FA-9B96-7C88F527DE0B}"
EndProject
Global
	GlobalSection(SolutionConfigurationPlatforms) = preSolution
		Debug|Any CPU = Debug|Any CPU
		Release|Any CPU = Release|Any CPU
	EndGlobalSection
	GlobalSection(ProjectConfigurationPlatforms) = postSolution
		{BBBCF354-9D39-4D7B-B873-D1CD51066D7B}.Debug|Any CPU.ActiveCfg = Debug|Any CPU
		{BBBCF354-9D39-4D7B-B873-D1CD51066D7B}.Debug|Any CPU.Build.0 = Debug|Any CPU
		{BBBCF354-9D39-4D7B-B873-D1CD51066D7B}.Release|Any CPU.ActiveCfg = Release|Any CPU
		{BBBCF354-9D39-4D7B-B873-D1CD51066D7B}.Release|Any CPU.Build.0 = Release|Any CPU
		{5C4518C5-FC22-4B9A-AD73-F2270BEEA643}.Debug|Any CPU.ActiveCfg = Debug|Any CPU
		{5C4518C5-FC22-4B9A-AD73-F2270BEEA643}.Debug|Any CPU.Build.0 = Debug|Any CPU
		{5C4518C5-FC22-4B9A-AD73-F2270BEEA643}.Release|Any CPU.ActiveCfg = Release|Any CPU
		{5C4518C5-FC22-4B9A-AD73-F2270BEEA643}.Release|Any CPU.Build.0 = Release|Any CPU
		{8EDB332D-8FA8-44FA-9B96-7C88F527DE0B}.Debug|Any CPU.ActiveCfg = Debug|Any CPU
		{8EDB332D-8FA8-44FA-9B96-7C88F527DE0B}.Debug|Any CPU.Build.0 = Debug|Any CPU
		{8EDB332D-8FA8-44FA-9B96-7C88F527DE0B}.Release|Any CPU.ActiveCfg = Release|Any CPU
		{8EDB332D-8FA8-44FA-9B96-7C88F527DE0B}.Release|Any CPU.Build.0 = Release|Any CPU
	EndGlobalSection
	GlobalSection(SolutionProperties) = preSolution
		HideSolutionNode = FALSE
	EndGlobalSection
EndGlobal
